// !$*UTF8*$!
{
	archiveVersion = 1;
	classes = {
	};
	objectVersion = 46;
	objects = {

/* Begin PBXBuildFile section */
		422AEEC01CACE54000307126 /* SCSiriWaveformView.m in Sources */ = {isa = PBXBuildFile; fileRef = 422AEEBF1CACE54000307126 /* SCSiriWaveformView.m */; };
		42B45F0A1CAEAB6C00DA6C43 /* FirstController.m in Sources */ = {isa = PBXBuildFile; fileRef = 42B45F091CAEAB6C00DA6C43 /* FirstController.m */; };
		42D2CC561CAA8883000C32A2 /* main.m in Sources */ = {isa = PBXBuildFile; fileRef = 42D2CC551CAA8883000C32A2 /* main.m */; };
		42D2CC591CAA8883000C32A2 /* AppDelegate.m in Sources */ = {isa = PBXBuildFile; fileRef = 42D2CC581CAA8883000C32A2 /* AppDelegate.m */; };
		42D2CC5C1CAA8883000C32A2 /* ViewController.m in Sources */ = {isa = PBXBuildFile; fileRef = 42D2CC5B1CAA8883000C32A2 /* ViewController.m */; };
		42D2CC5F1CAA8883000C32A2 /* Main.storyboard in Resources */ = {isa = PBXBuildFile; fileRef = 42D2CC5D1CAA8883000C32A2 /* Main.storyboard */; };
		42D2CC611CAA8883000C32A2 /* Assets.xcassets in Resources */ = {isa = PBXBuildFile; fileRef = 42D2CC601CAA8883000C32A2 /* Assets.xcassets */; };
		42D2CC641CAA8883000C32A2 /* LaunchScreen.storyboard in Resources */ = {isa = PBXBuildFile; fileRef = 42D2CC621CAA8883000C32A2 /* LaunchScreen.storyboard */; };
		42D2CC6F1CAA8883000C32A2 /* playVoiceDemo1Tests.m in Sources */ = {isa = PBXBuildFile; fileRef = 42D2CC6E1CAA8883000C32A2 /* playVoiceDemo1Tests.m */; };
		42D2CC7A1CAA8883000C32A2 /* playVoiceDemo1UITests.m in Sources */ = {isa = PBXBuildFile; fileRef = 42D2CC791CAA8883000C32A2 /* playVoiceDemo1UITests.m */; };
/* End PBXBuildFile section */

/* Begin PBXContainerItemProxy section */
		42D2CC6B1CAA8883000C32A2 /* PBXContainerItemProxy */ = {
			isa = PBXContainerItemProxy;
			containerPortal = 42D2CC491CAA8882000C32A2 /* Project object */;
			proxyType = 1;
			remoteGlobalIDString = 42D2CC501CAA8883000C32A2;
			remoteInfo = playVoiceDemo1;
		};
		42D2CC761CAA8883000C32A2 /* PBXContainerItemProxy */ = {
			isa = PBXContainerItemProxy;
			containerPortal = 42D2CC491CAA8882000C32A2 /* Project object */;
			proxyType = 1;
			remoteGlobalIDString = 42D2CC501CAA8883000C32A2;
			remoteInfo = playVoiceDemo1;
		};
/* End PBXContainerItemProxy section */

/* Begin PBXFileReference section */
		422AEEBE1CACE54000307126 /* SCSiriWaveformView.h */ = {isa = PBXFileReference; fileEncoding = 4; lastKnownFileType = sourcecode.c.h; path = SCSiriWaveformView.h; sourceTree = "<group>"; };
		422AEEBF1CACE54000307126 /* SCSiriWaveformView.m */ = {isa = PBXFileReference; fileEncoding = 4; lastKnownFileType = sourcecode.c.objc; path = SCSiriWaveformView.m; sourceTree = "<group>"; };
		42B45F081CAEAB6C00DA6C43 /* FirstController.h */ = {isa = PBXFileReference; fileEncoding = 4; lastKnownFileType = sourcecode.c.h; path = FirstController.h; sourceTree = "<group>"; };
		42B45F091CAEAB6C00DA6C43 /* FirstController.m */ = {isa = PBXFileReference; fileEncoding = 4; lastKnownFileType = sourcecode.c.objc; path = FirstController.m; sourceTree = "<group>"; };
		42D2CC511CAA8883000C32A2 /* playVoiceDemo1.app */ = {isa = PBXFileReference; explicitFileType = wrapper.application; includeInIndex = 0; path = playVoiceDemo1.app; sourceTree = BUILT_PRODUCTS_DIR; };
		42D2CC551CAA8883000C32A2 /* main.m */ = {isa = PBXFileReference; lastKnownFileType = sourcecode.c.objc; path = main.m; sourceTree = "<group>"; };
		42D2CC571CAA8883000C32A2 /* AppDelegate.h */ = {isa = PBXFileReference; lastKnownFileType = sourcecode.c.h; path = AppDelegate.h; sourceTree = "<group>"; };
		42D2CC581CAA8883000C32A2 /* AppDelegate.m */ = {isa = PBXFileReference; lastKnownFileType = sourcecode.c.objc; path = AppDelegate.m; sourceTree = "<group>"; };
		42D2CC5A1CAA8883000C32A2 /* ViewController.h */ = {isa = PBXFileReference; lastKnownFileType = sourcecode.c.h; path = ViewController.h; sourceTree = "<group>"; };
		42D2CC5B1CAA8883000C32A2 /* ViewController.m */ = {isa = PBXFileReference; lastKnownFileType = sourcecode.c.objc; path = ViewController.m; sourceTree = "<group>"; };
		42D2CC5E1CAA8883000C32A2 /* Base */ = {isa = PBXFileReference; lastKnownFileType = file.storyboard; name = Base; path = Base.lproj/Main.storyboard; sourceTree = "<group>"; };
		42D2CC601CAA8883000C32A2 /* Assets.xcassets */ = {isa = PBXFileReference; lastKnownFileType = folder.assetcatalog; path = Assets.xcassets; sourceTree = "<group>"; };
		42D2CC631CAA8883000C32A2 /* Base */ = {isa = PBXFileReference; lastKnownFileType = file.storyboard; name = Base; path = Base.lproj/LaunchScreen.storyboard; sourceTree = "<group>"; };
		42D2CC651CAA8883000C32A2 /* Info.plist */ = {isa = PBXFileReference; lastKnownFileType = text.plist.xml; path = Info.plist; sourceTree = "<group>"; };
		42D2CC6A1CAA8883000C32A2 /* playVoiceDemo1Tests.xctest */ = {isa = PBXFileReference; explicitFileType = wrapper.cfbundle; includeInIndex = 0; path = playVoiceDemo1Tests.xctest; sourceTree = BUILT_PRODUCTS_DIR; };
		42D2CC6E1CAA8883000C32A2 /* playVoiceDemo1Tests.m */ = {isa = PBXFileReference; lastKnownFileType = sourcecode.c.objc; path = playVoiceDemo1Tests.m; sourceTree = "<group>"; };
		42D2CC701CAA8883000C32A2 /* Info.plist */ = {isa = PBXFileReference; lastKnownFileType = text.plist.xml; path = Info.plist; sourceTree = "<group>"; };
		42D2CC751CAA8883000C32A2 /* playVoiceDemo1UITests.xctest */ = {isa = PBXFileReference; explicitFileType = wrapper.cfbundle; includeInIndex = 0; path = playVoiceDemo1UITests.xctest; sourceTree = BUILT_PRODUCTS_DIR; };
		42D2CC791CAA8883000C32A2 /* playVoiceDemo1UITests.m */ = {isa = PBXFileReference; lastKnownFileType = sourcecode.c.objc; path = playVoiceDemo1UITests.m; sourceTree = "<group>"; };
		42D2CC7B1CAA8883000C32A2 /* Info.plist */ = {isa = PBXFileReference; lastKnownFileType = text.plist.xml; path = Info.plist; sourceTree = "<group>"; };
/* End PBXFileReference section */

/* Begin PBXFrameworksBuildPhase section */
		42D2CC4E1CAA8883000C32A2 /* Frameworks */ = {
			isa = PBXFrameworksBuildPhase;
			buildActionMask = 2147483647;
			files = (
			);
			runOnlyForDeploymentPostprocessing = 0;
		};
		42D2CC671CAA8883000C32A2 /* Frameworks */ = {
			isa = PBXFrameworksBuildPhase;
			buildActionMask = 2147483647;
			files = (
			);
			runOnlyForDeploymentPostprocessing = 0;
		};
		42D2CC721CAA8883000C32A2 /* Frameworks */ = {
			isa = PBXFrameworksBuildPhase;
			buildActionMask = 2147483647;
			files = (
			);
			runOnlyForDeploymentPostprocessing = 0;
		};
/* End PBXFrameworksBuildPhase section */

/* Begin PBXGroup section */
		42D2CC481CAA8882000C32A2 = {
			isa = PBXGroup;
			children = (
				42D2CC531CAA8883000C32A2 /* playVoiceDemo1 */,
				42D2CC6D1CAA8883000C32A2 /* playVoiceDemo1Tests */,
				42D2CC781CAA8883000C32A2 /* playVoiceDemo1UITests */,
				42D2CC521CAA8883000C32A2 /* Products */,
			);
			sourceTree = "<group>";
		};
		42D2CC521CAA8883000C32A2 /* Products */ = {
			isa = PBXGroup;
			children = (
				42D2CC511CAA8883000C32A2 /* playVoiceDemo1.app */,
				42D2CC6A1CAA8883000C32A2 /* playVoiceDemo1Tests.xctest */,
				42D2CC751CAA8883000C32A2 /* playVoiceDemo1UITests.xctest */,
			);
			name = Products;
			sourceTree = "<group>";
		};
		42D2CC531CAA8883000C32A2 /* playVoiceDemo1 */ = {
			isa = PBXGroup;
			children = (
				42B45F081CAEAB6C00DA6C43 /* FirstController.h */,
				42B45F091CAEAB6C00DA6C43 /* FirstController.m */,
				422AEEBE1CACE54000307126 /* SCSiriWaveformView.h */,
				422AEEBF1CACE54000307126 /* SCSiriWaveformView.m */,
				42D2CC571CAA8883000C32A2 /* AppDelegate.h */,
				42D2CC581CAA8883000C32A2 /* AppDelegate.m */,
				42D2CC5A1CAA8883000C32A2 /* ViewController.h */,
				42D2CC5B1CAA8883000C32A2 /* ViewController.m */,
				42D2CC5D1CAA8883000C32A2 /* Main.storyboard */,
				42D2CC601CAA8883000C32A2 /* Assets.xcassets */,
				42D2CC621CAA8883000C32A2 /* LaunchScreen.storyboard */,
				42D2CC651CAA8883000C32A2 /* Info.plist */,
				42D2CC541CAA8883000C32A2 /* Supporting Files */,
			);
			path = playVoiceDemo1;
			sourceTree = "<group>";
		};
		42D2CC541CAA8883000C32A2 /* Supporting Files */ = {
			isa = PBXGroup;
			children = (
				42D2CC551CAA8883000C32A2 /* main.m */,
			);
			name = "Supporting Files";
			sourceTree = "<group>";
		};
		42D2CC6D1CAA8883000C32A2 /* playVoiceDemo1Tests */ = {
			isa = PBXGroup;
			children = (
				42D2CC6E1CAA8883000C32A2 /* playVoiceDemo1Tests.m */,
				42D2CC701CAA8883000C32A2 /* Info.plist */,
			);
			path = playVoiceDemo1Tests;
			sourceTree = "<group>";
		};
		42D2CC781CAA8883000C32A2 /* playVoiceDemo1UITests */ = {
			isa = PBXGroup;
			children = (
				42D2CC791CAA8883000C32A2 /* playVoiceDemo1UITests.m */,
				42D2CC7B1CAA8883000C32A2 /* Info.plist */,
			);
			path = playVoiceDemo1UITests;
			sourceTree = "<group>";
		};
/* End PBXGroup section */

/* Begin PBXNativeTarget section */
		42D2CC501CAA8883000C32A2 /* playVoiceDemo1 */ = {
			isa = PBXNativeTarget;
			buildConfigurationList = 42D2CC7E1CAA8883000C32A2 /* Build configuration list for PBXNativeTarget "playVoiceDemo1" */;
			buildPhases = (
				42D2CC4D1CAA8883000C32A2 /* Sources */,
				42D2CC4E1CAA8883000C32A2 /* Frameworks */,
				42D2CC4F1CAA8883000C32A2 /* Resources */,
			);
			buildRules = (
			);
			dependencies = (
			);
			name = playVoiceDemo1;
			productName = playVoiceDemo1;
			productReference = 42D2CC511CAA8883000C32A2 /* playVoiceDemo1.app */;
			productType = "com.apple.product-type.application";
		};
		42D2CC691CAA8883000C32A2 /* playVoiceDemo1Tests */ = {
			isa = PBXNativeTarget;
			buildConfigurationList = 42D2CC811CAA8883000C32A2 /* Build configuration list for PBXNativeTarget "playVoiceDemo1Tests" */;
			buildPhases = (
				42D2CC661CAA8883000C32A2 /* Sources */,
				42D2CC671CAA8883000C32A2 /* Frameworks */,
				42D2CC681CAA8883000C32A2 /* Resources */,
			);
			buildRules = (
			);
			dependencies = (
				42D2CC6C1CAA8883000C32A2 /* PBXTargetDependency */,
			);
			name = playVoiceDemo1Tests;
			productName = playVoiceDemo1Tests;
			productReference = 42D2CC6A1CAA8883000C32A2 /* playVoiceDemo1Tests.xctest */;
			productType = "com.apple.product-type.bundle.unit-test";
		};
		42D2CC741CAA8883000C32A2 /* playVoiceDemo1UITests */ = {
			isa = PBXNativeTarget;
			buildConfigurationList = 42D2CC841CAA8883000C32A2 /* Build configuration list for PBXNativeTarget "playVoiceDemo1UITests" */;
			buildPhases = (
				42D2CC711CAA8883000C32A2 /* Sources */,
				42D2CC721CAA8883000C32A2 /* Frameworks */,
				42D2CC731CAA8883000C32A2 /* Resources */,
			);
			buildRules = (
			);
			dependencies = (
				42D2CC771CAA8883000C32A2 /* PBXTargetDependency */,
			);
			name = playVoiceDemo1UITests;
			productName = playVoiceDemo1UITests;
			productReference = 42D2CC751CAA8883000C32A2 /* playVoiceDemo1UITests.xctest */;
			productType = "com.apple.product-type.bundle.ui-testing";
		};
/* End PBXNativeTarget section */

/* Begin PBXProject section */
		42D2CC491CAA8882000C32A2 /* Project object */ = {
			isa = PBXProject;
			attributes = {
				LastUpgradeCheck = 0720;
				ORGANIZATIONNAME = "张智勇";
				TargetAttributes = {
					42D2CC501CAA8883000C32A2 = {
						CreatedOnToolsVersion = 7.2;
						DevelopmentTeam = HPBJ7SFQZS;
					};
					42D2CC691CAA8883000C32A2 = {
						CreatedOnToolsVersion = 7.2;
						DevelopmentTeam = HPBJ7SFQZS;
						TestTargetID = 42D2CC501CAA8883000C32A2;
					};
					42D2CC741CAA8883000C32A2 = {
						CreatedOnToolsVersion = 7.2;
						DevelopmentTeam = HPBJ7SFQZS;
						TestTargetID = 42D2CC501CAA8883000C32A2;
					};
				};
			};
			buildConfigurationList = 42D2CC4C1CAA8882000C32A2 /* Build configuration list for PBXProject "playVoiceDemo1" */;
			compatibilityVersion = "Xcode 3.2";
			developmentRegion = English;
			hasScannedForEncodings = 0;
			knownRegions = (
				en,
				Base,
			);
			mainGroup = 42D2CC481CAA8882000C32A2;
			productRefGroup = 42D2CC521CAA8883000C32A2 /* Products */;
			projectDirPath = "";
			projectRoot = "";
			targets = (
				42D2CC501CAA8883000C32A2 /* playVoiceDemo1 */,
				42D2CC691CAA8883000C32A2 /* playVoiceDemo1Tests */,
				42D2CC741CAA8883000C32A2 /* playVoiceDemo1UITests */,
			);
		};
/* End PBXProject section */

/* Begin PBXResourcesBuildPhase section */
		42D2CC4F1CAA8883000C32A2 /* Resources */ = {
			isa = PBXResourcesBuildPhase;
			buildActionMask = 2147483647;
			files = (
				42D2CC641CAA8883000C32A2 /* LaunchScreen.storyboard in Resources */,
				42D2CC611CAA8883000C32A2 /* Assets.xcassets in Resources */,
				42D2CC5F1CAA8883000C32A2 /* Main.storyboard in Resources */,
			);
			runOnlyForDeploymentPostprocessing = 0;
		};
		42D2CC681CAA8883000C32A2 /* Resources */ = {
			isa = PBXResourcesBuildPhase;
			buildActionMask = 2147483647;
			files = (
			);
			runOnlyForDeploymentPostprocessing = 0;
		};
		42D2CC731CAA8883000C32A2 /* Resources */ = {
			isa = PBXResourcesBuildPhase;
			buildActionMask = 2147483647;
			files = (
			);
			runOnlyForDeploymentPostprocessing = 0;
		};
/* End PBXResourcesBuildPhase section */

/* Begin PBXSourcesBuildPhase section */
		42D2CC4D1CAA8883000C32A2 /* Sources */ = {
			isa = PBXSourcesBuildPhase;
			buildActionMask = 2147483647;
			files = (
				42B45F0A1CAEAB6C00DA6C43 /* FirstController.m in Sources */,
				42D2CC5C1CAA8883000C32A2 /* ViewController.m in Sources */,
				42D2CC591CAA8883000C32A2 /* AppDelegate.m in Sources */,
				422AEEC01CACE54000307126 /* SCSiriWaveformView.m in Sources */,
				42D2CC561CAA8883000C32A2 /* main.m in Sources */,
			);
			runOnlyForDeploymentPostprocessing = 0;
		};
		42D2CC661CAA8883000C32A2 /* Sources */ = {
			isa = PBXSourcesBuildPhase;
			buildActionMask = 2147483647;
			files = (
				42D2CC6F1CAA8883000C32A2 /* playVoiceDemo1Tests.m in Sources */,
			);
			runOnlyForDeploymentPostprocessing = 0;
		};
		42D2CC711CAA8883000C32A2 /* Sources */ = {
			isa = PBXSourcesBuildPhase;
			buildActionMask = 2147483647;
			files = (
				42D2CC7A1CAA8883000C32A2 /* playVoiceDemo1UITests.m in Sources */,
			);
			runOnlyForDeploymentPostprocessing = 0;
		};
/* End PBXSourcesBuildPhase section */

/* Begin PBXTargetDependency section */
		42D2CC6C1CAA8883000C32A2 /* PBXTargetDependency */ = {
			isa = PBXTargetDependency;
			target = 42D2CC501CAA8883000C32A2 /* playVoiceDemo1 */;
			targetProxy = 42D2CC6B1CAA8883000C32A2 /* PBXContainerItemProxy */;
		};
		42D2CC771CAA8883000C32A2 /* PBXTargetDependency */ = {
			isa = PBXTargetDependency;
			target = 42D2CC501CAA8883000C32A2 /* playVoiceDemo1 */;
			targetProxy = 42D2CC761CAA8883000C32A2 /* PBXContainerItemProxy */;
		};
/* End PBXTargetDependency section */

/* Begin PBXVariantGroup section */
		42D2CC5D1CAA8883000C32A2 /* Main.storyboard */ = {
			isa = PBXVariantGroup;
			children = (
				42D2CC5E1CAA8883000C32A2 /* Base */,
			);
			name = Main.storyboard;
			sourceTree = "<group>";
		};
		42D2CC621CAA8883000C32A2 /* LaunchScreen.storyboard */ = {
			isa = PBXVariantGroup;
			children = (
				42D2CC631CAA8883000C32A2 /* Base */,
			);
			name = LaunchScreen.storyboard;
			sourceTree = "<group>";
		};
/* End PBXVariantGroup section */

/* Begin XCBuildConfiguration section */
		42D2CC7C1CAA8883000C32A2 /* Debug */ = {
			isa = XCBuildConfiguration;
			buildSettings = {
				ALWAYS_SEARCH_USER_PATHS = NO;
				CLANG_CXX_LANGUAGE_STANDARD = "gnu++0x";
				CLANG_CXX_LIBRARY = "libc++";
				CLANG_ENABLE_MODULES = YES;
				CLANG_ENABLE_OBJC_ARC = YES;
				CLANG_WARN_BOOL_CONVERSION = YES;
				CLANG_WARN_CONSTANT_CONVERSION = YES;
				CLANG_WARN_DIRECT_OBJC_ISA_USAGE = YES_ERROR;
				CLANG_WARN_EMPTY_BODY = YES;
				CLANG_WARN_ENUM_CONVERSION = YES;
				CLANG_WARN_INT_CONVERSION = YES;
				CLANG_WARN_OBJC_ROOT_CLASS = YES_ERROR;
				CLANG_WARN_UNREACHABLE_CODE = YES;
				CLANG_WARN__DUPLICATE_METHOD_MATCH = YES;
				"CODE_SIGN_IDENTITY[sdk=iphoneos*]" = "iPhone Developer";
				COPY_PHASE_STRIP = NO;
				DEBUG_INFORMATION_FORMAT = dwarf;
				ENABLE_STRICT_OBJC_MSGSEND = YES;
				ENABLE_TESTABILITY = YES;
				GCC_C_LANGUAGE_STANDARD = gnu99;
				GCC_DYNAMIC_NO_PIC = NO;
				GCC_NO_COMMON_BLOCKS = YES;
				GCC_OPTIMIZATION_LEVEL = 0;
				GCC_PREPROCESSOR_DEFINITIONS = (
					"DEBUG=1",
					"$(inherited)",
				);
				GCC_WARN_64_TO_32_BIT_CONVERSION = YES;
				GCC_WARN_ABOUT_RETURN_TYPE = YES_ERROR;
				GCC_WARN_UNDECLARED_SELECTOR = YES;
				GCC_WARN_UNINITIALIZED_AUTOS = YES_AGGRESSIVE;
				GCC_WARN_UNUSED_FUNCTION = YES;
				GCC_WARN_UNUSED_VARIABLE = YES;
				IPHONEOS_DEPLOYMENT_TARGET = 9.2;
				MTL_ENABLE_DEBUG_INFO = YES;
				ONLY_ACTIVE_ARCH = YES;
				SDKROOT = iphoneos;
			};
			name = Debug;
		};
		42D2CC7D1CAA8883000C32A2 /* Release */ = {
			isa = XCBuildConfiguration;
			buildSettings = {
				ALWAYS_SEARCH_USER_PATHS = NO;
				CLANG_CXX_LANGUAGE_STANDARD = "gnu++0x";
				CLANG_CXX_LIBRARY = "libc++";
				CLANG_ENABLE_MODULES = YES;
				CLANG_ENABLE_OBJC_ARC = YES;
				CLANG_WARN_BOOL_CONVERSION = YES;
				CLANG_WARN_CONSTANT_CONVERSION = YES;
				CLANG_WARN_DIRECT_OBJC_ISA_USAGE = YES_ERROR;
				CLANG_WARN_EMPTY_BODY = YES;
				CLANG_WARN_ENUM_CONVERSION = YES;
				CLANG_WARN_INT_CONVERSION = YES;
				CLANG_WARN_OBJC_ROOT_CLASS = YES_ERROR;
				CLANG_WARN_UNREACHABLE_CODE = YES;
				CLANG_WARN__DUPLICATE_METHOD_MATCH = YES;
				"CODE_SIGN_IDENTITY[sdk=iphoneos*]" = "iPhone Developer";
				COPY_PHASE_STRIP = NO;
				DEBUG_INFORMATION_FORMAT = "dwarf-with-dsym";
				ENABLE_NS_ASSERTIONS = NO;
				ENABLE_STRICT_OBJC_MSGSEND = YES;
				GCC_C_LANGUAGE_STANDARD = gnu99;
				GCC_NO_COMMON_BLOCKS = YES;
				GCC_WARN_64_TO_32_BIT_CONVERSION = YES;
				GCC_WARN_ABOUT_RETURN_TYPE = YES_ERROR;
				GCC_WARN_UNDECLARED_SELECTOR = YES;
				GCC_WARN_UNINITIALIZED_AUTOS = YES_AGGRESSIVE;
				GCC_WARN_UNUSED_FUNCTION = YES;
				GCC_WARN_UNUSED_VARIABLE = YES;
				IPHONEOS_DEPLOYMENT_TARGET = 9.2;
				MTL_ENABLE_DEBUG_INFO = NO;
				SDKROOT = iphoneos;
				VALIDATE_PRODUCT = YES;
			};
			name = Release;
		};
		42D2CC7F1CAA8883000C32A2 /* Debug */ = {
			isa = XCBuildConfiguration;
			buildSettings = {
				ASSETCATALOG_COMPILER_APPICON_NAME = AppIcon;
				INFOPLIST_FILE = playVoiceDemo1/Info.plist;
				LD_RUNPATH_SEARCH_PATHS = "$(inherited) @executable_path/Frameworks";
				PRODUCT_BUNDLE_IDENTIFIER = demo.com.playVoiceDemo1;
				PRODUCT_NAME = "$(TARGET_NAME)";
			};
			name = Debug;
		};
		42D2CC801CAA8883000C32A2 /* Release */ = {
			isa = XCBuildConfiguration;
			buildSettings = {
				ASSETCATALOG_COMPILER_APPICON_NAME = AppIcon;
				INFOPLIST_FILE = playVoiceDemo1/Info.plist;
				LD_RUNPATH_SEARCH_PATHS = "$(inherited) @executable_path/Frameworks";
				PRODUCT_BUNDLE_IDENTIFIER = demo.com.playVoiceDemo1;
				PRODUCT_NAME = "$(TARGET_NAME)";
			};
			name = Release;
		};
		42D2CC821CAA8883000C32A2 /* Debug */ = {
			isa = XCBuildConfiguration;
			buildSettings = {
				BUNDLE_LOADER = "$(TEST_HOST)";
				INFOPLIST_FILE = playVoiceDemo1Tests/Info.plist;
				LD_RUNPATH_SEARCH_PATHS = "$(inherited) @executable_path/Frameworks @loader_path/Frameworks";
				PRODUCT_BUNDLE_IDENTIFIER = demo.com.playVoiceDemo1Tests;
				PRODUCT_NAME = "$(TARGET_NAME)";
				TEST_HOST = "$(BUILT_PRODUCTS_DIR)/playVoiceDemo1.app/playVoiceDemo1";
			};
			name = Debug;
		};
		42D2CC831CAA8883000C32A2 /* Release */ = {
			isa = XCBuildConfiguration;
			buildSettings = {
				BUNDLE_LOADER = "$(TEST_HOST)";
				INFOPLIST_FILE = playVoiceDemo1Tests/Info.plist;
				LD_RUNPATH_SEARCH_PATHS = "$(inherited) @executable_path/Frameworks @loader_path/Frameworks";
				PRODUCT_BUNDLE_IDENTIFIER = demo.com.playVoiceDemo1Tests;
				PRODUCT_NAME = "$(TARGET_NAME)";
				TEST_HOST = "$(BUILT_PRODUCTS_DIR)/playVoiceDemo1.app/playVoiceDemo1";
			};
			name = Release;
		};
		42D2CC851CAA8883000C32A2 /* Debug */ = {
			isa = XCBuildConfiguration;
			buildSettings = {
				INFOPLIST_FILE = playVoiceDemo1UITests/Info.plist;
				LD_RUNPATH_SEARCH_PATHS = "$(inherited) @executable_path/Frameworks @loader_path/Frameworks";
				PRODUCT_BUNDLE_IDENTIFIER = demo.com.playVoiceDemo1UITests;
				PRODUCT_NAME = "$(TARGET_NAME)";
				TEST_TARGET_NAME = playVoiceDemo1;
				USES_XCTRUNNER = YES;
			};
			name = Debug;
		};
		42D2CC861CAA8883000C32A2 /* Release */ = {
			isa = XCBuildConfiguration;
			buildSettings = {
				INFOPLIST_FILE = playVoiceDemo1UITests/Info.plist;
				LD_RUNPATH_SEARCH_PATHS = "$(inherited) @executable_path/Frameworks @loader_path/Frameworks";
				PRODUCT_BUNDLE_IDENTIFIER = demo.com.playVoiceDemo1UITests;
				PRODUCT_NAME = "$(TARGET_NAME)";
				TEST_TARGET_NAME = playVoiceDemo1;
				USES_XCTRUNNER = YES;
			};
			name = Release;
		};
/* End XCBuildConfiguration section */

/* Begin XCConfigurationList section */
		42D2CC4C1CAA8882000C32A2 /* Build configuration list for PBXProject "playVoiceDemo1" */ = {
			isa = XCConfigurationList;
			buildConfigurations = (
				42D2CC7C1CAA8883000C32A2 /* Debug */,
				42D2CC7D1CAA8883000C32A2 /* Release */,
			);
			defaultConfigurationIsVisible = 0;
			defaultConfigurationName = Release;
		};
		42D2CC7E1CAA8883000C32A2 /* Build configuration list for PBXNativeTarget "playVoiceDemo1" */ = {
			isa = XCConfigurationList;
			buildConfigurations = (
				42D2CC7F1CAA8883000C32A2 /* Debug */,
				42D2CC801CAA8883000C32A2 /* Release */,
			);
			defaultConfigurationIsVisible = 0;
			defaultConfigurationName = Release;
		};
		42D2CC811CAA8883000C32A2 /* Build configuration list for PBXNativeTarget "playVoiceDemo1Tests" */ = {
			isa = XCConfigurationList;
			buildConfigurations = (
				42D2CC821CAA8883000C32A2 /* Debug */,
				42D2CC831CAA8883000C32A2 /* Release */,
			);
			defaultConfigurationIsVisible = 0;
			defaultConfigurationName = Release;
		};
		42D2CC841CAA8883000C32A2 /* Build configuration list for PBXNativeTarget "playVoiceDemo1UITests" */ = {
			isa = XCConfigurationList;
			buildConfigurations = (
				42D2CC851CAA8883000C32A2 /* Debug */,
				42D2CC861CAA8883000C32A2 /* Release */,
			);
			defaultConfigurationIsVisible = 0;
			defaultConfigurationName = Release;
		};
/* End XCConfigurationList section */
	};
	rootObject = 42D2CC491CAA8882000C32A2 /* Project object */;
}
